// !$*UTF8*$!
{
	archiveVersion = 1;
	classes = {
	};
	objectVersion = 56;
	objects = {

/* Begin PBXBuildFile section */
		8208C4832A194E910045DC53 /* FirebaseAuth in Frameworks */ = {isa = PBXBuildFile; productRef = 8208C4822A194E910045DC53 /* FirebaseAuth */; };
		8208C4852A194E910045DC53 /* FirebaseDatabase in Frameworks */ = {isa = PBXBuildFile; productRef = 8208C4842A194E910045DC53 /* FirebaseDatabase */; };
		8208C4872A194E910045DC53 /* FirebaseFirestore in Frameworks */ = {isa = PBXBuildFile; productRef = 8208C4862A194E910045DC53 /* FirebaseFirestore */; };
		8208C48A2A1960D80045DC53 /* Realm in Frameworks */ = {isa = PBXBuildFile; productRef = 8208C4892A1960D80045DC53 /* Realm */; };
		8208C48C2A1960D80045DC53 /* RealmSwift in Frameworks */ = {isa = PBXBuildFile; productRef = 8208C48B2A1960D80045DC53 /* RealmSwift */; };
		8208C48F2A1962660045DC53 /* MessageKit in Frameworks */ = {isa = PBXBuildFile; productRef = 8208C48E2A1962660045DC53 /* MessageKit */; };
		8208C4922A1964140045DC53 /* Kingfisher in Frameworks */ = {isa = PBXBuildFile; productRef = 8208C4912A1964140045DC53 /* Kingfisher */; };
		8208C4942A1965DB0045DC53 /* MessageKitViewController.swift in Sources */ = {isa = PBXBuildFile; fileRef = 8208C4932A1965DB0045DC53 /* MessageKitViewController.swift */; };
		8208C4972A1A614D0045DC53 /* UserModel.swift in Sources */ = {isa = PBXBuildFile; fileRef = 8208C4962A1A614D0045DC53 /* UserModel.swift */; };
		8208C4992A1A65A90045DC53 /* PostResponseModel.swift in Sources */ = {isa = PBXBuildFile; fileRef = 8208C4982A1A65A90045DC53 /* PostResponseModel.swift */; };
		8208C49B2A1A69640045DC53 /* Date + Extension.swift in Sources */ = {isa = PBXBuildFile; fileRef = 8208C49A2A1A69640045DC53 /* Date + Extension.swift */; };
		8208C49D2A1A72350045DC53 /* Dictionary + Extension.swift in Sources */ = {isa = PBXBuildFile; fileRef = 8208C49C2A1A72350045DC53 /* Dictionary + Extension.swift */; };
		8208C4A02A1A87BB0045DC53 /* SDWebImage in Frameworks */ = {isa = PBXBuildFile; productRef = 8208C49F2A1A87BB0045DC53 /* SDWebImage */; };
		8208C4A22A1AA0680045DC53 /* UIView + Extension.swift in Sources */ = {isa = PBXBuildFile; fileRef = 8208C4A12A1AA0680045DC53 /* UIView + Extension.swift */; };
		822EE04C2A15670000172D0A /* AppDelegate.swift in Sources */ = {isa = PBXBuildFile; fileRef = 822EE04B2A15670000172D0A /* AppDelegate.swift */; };
		822EE04E2A15670000172D0A /* SceneDelegate.swift in Sources */ = {isa = PBXBuildFile; fileRef = 822EE04D2A15670000172D0A /* SceneDelegate.swift */; };
		822EE0502A15670000172D0A /* LoginViewController.swift in Sources */ = {isa = PBXBuildFile; fileRef = 822EE04F2A15670000172D0A /* LoginViewController.swift */; };
		822EE0532A15670000172D0A /* Main.storyboard in Resources */ = {isa = PBXBuildFile; fileRef = 822EE0512A15670000172D0A /* Main.storyboard */; };
		822EE0552A15670200172D0A /* Assets.xcassets in Resources */ = {isa = PBXBuildFile; fileRef = 822EE0542A15670200172D0A /* Assets.xcassets */; };
		822EE0582A15670200172D0A /* LaunchScreen.storyboard in Resources */ = {isa = PBXBuildFile; fileRef = 822EE0562A15670200172D0A /* LaunchScreen.storyboard */; };
		822EE0622A15687000172D0A /* AppButton.swift in Sources */ = {isa = PBXBuildFile; fileRef = 822EE0612A15687000172D0A /* AppButton.swift */; };
		822EE0652A1568C200172D0A /* UIFont + Extension.swift in Sources */ = {isa = PBXBuildFile; fileRef = 822EE0642A1568C200172D0A /* UIFont + Extension.swift */; };
		822EE0672A15690000172D0A /* UIColor + Extension.swift in Sources */ = {isa = PBXBuildFile; fileRef = 822EE0662A15690000172D0A /* UIColor + Extension.swift */; };
		822EE0722A156A5500172D0A /* Inter-Bold.ttf in Resources */ = {isa = PBXBuildFile; fileRef = 822EE0692A156A5500172D0A /* Inter-Bold.ttf */; };
		822EE0752A156A5500172D0A /* Inter-Light.ttf in Resources */ = {isa = PBXBuildFile; fileRef = 822EE06C2A156A5500172D0A /* Inter-Light.ttf */; };
		822EE0762A156A5500172D0A /* Inter-SemiBold.ttf in Resources */ = {isa = PBXBuildFile; fileRef = 822EE06D2A156A5500172D0A /* Inter-SemiBold.ttf */; };
		822EE0772A156A5500172D0A /* Inter-Medium.ttf in Resources */ = {isa = PBXBuildFile; fileRef = 822EE06E2A156A5500172D0A /* Inter-Medium.ttf */; };
		822EE0792A156A5500172D0A /* Inter-Regular.ttf in Resources */ = {isa = PBXBuildFile; fileRef = 822EE0702A156A5500172D0A /* Inter-Regular.ttf */; };
		822EE07E2A156E6500172D0A /* AppLabel.swift in Sources */ = {isa = PBXBuildFile; fileRef = 822EE07D2A156E6500172D0A /* AppLabel.swift */; };
		822EE0802A156ED100172D0A /* AppTextfield.swift in Sources */ = {isa = PBXBuildFile; fileRef = 822EE07F2A156ED100172D0A /* AppTextfield.swift */; };
		822EE0822A1577C900172D0A /* BaseTabBarViewController.swift in Sources */ = {isa = PBXBuildFile; fileRef = 822EE0812A1577C900172D0A /* BaseTabBarViewController.swift */; };
		822EE0842A1577F000172D0A /* BaseViewController.swift in Sources */ = {isa = PBXBuildFile; fileRef = 822EE0832A1577F000172D0A /* BaseViewController.swift */; };
		822EE0862A1578F400172D0A /* HomeViewController.swift in Sources */ = {isa = PBXBuildFile; fileRef = 822EE0852A1578F400172D0A /* HomeViewController.swift */; };
		822EE0882A15791600172D0A /* ChatViewController.swift in Sources */ = {isa = PBXBuildFile; fileRef = 822EE0872A15791600172D0A /* ChatViewController.swift */; };
		822EE08A2A15792900172D0A /* CameraViewController.swift in Sources */ = {isa = PBXBuildFile; fileRef = 822EE0892A15792900172D0A /* CameraViewController.swift */; };
		822EE08C2A15793F00172D0A /* SettingsViewController.swift in Sources */ = {isa = PBXBuildFile; fileRef = 822EE08B2A15793F00172D0A /* SettingsViewController.swift */; };
		822EE08F2A15844D00172D0A /* NewChatViewController.swift in Sources */ = {isa = PBXBuildFile; fileRef = 822EE08E2A15844D00172D0A /* NewChatViewController.swift */; };
		822EE0912A15873300172D0A /* UIViewController + Extension.swift in Sources */ = {isa = PBXBuildFile; fileRef = 822EE0902A15873300172D0A /* UIViewController + Extension.swift */; };
		822EE0942A1590F600172D0A /* IQKeyboardManagerSwift in Frameworks */ = {isa = PBXBuildFile; productRef = 822EE0932A1590F600172D0A /* IQKeyboardManagerSwift */; };
		822EE0A62A18238B00172D0A /* AvatarImageView.swift in Sources */ = {isa = PBXBuildFile; fileRef = 822EE0A52A18238B00172D0A /* AvatarImageView.swift */; };
		822EE0A92A18299000172D0A /* ChatsTableViewCell.swift in Sources */ = {isa = PBXBuildFile; fileRef = 822EE0A82A18299000172D0A /* ChatsTableViewCell.swift */; };
		822EE0AB2A182FAD00172D0A /* UITabBar + Extension.swift in Sources */ = {isa = PBXBuildFile; fileRef = 822EE0AA2A182FAD00172D0A /* UITabBar + Extension.swift */; };
		822EE0AD2A183A8E00172D0A /* HomeTableViewCell.swift in Sources */ = {isa = PBXBuildFile; fileRef = 822EE0AC2A183A8E00172D0A /* HomeTableViewCell.swift */; };
		822EE0AF2A193B8B00172D0A /* GoogleService-Info.plist in Resources */ = {isa = PBXBuildFile; fileRef = 822EE0AE2A193B8B00172D0A /* GoogleService-Info.plist */; };
/* End PBXBuildFile section */

/* Begin PBXFileReference section */
		8208C4932A1965DB0045DC53 /* MessageKitViewController.swift */ = {isa = PBXFileReference; lastKnownFileType = sourcecode.swift; path = MessageKitViewController.swift; sourceTree = "<group>"; };
		8208C4962A1A614D0045DC53 /* UserModel.swift */ = {isa = PBXFileReference; lastKnownFileType = sourcecode.swift; path = UserModel.swift; sourceTree = "<group>"; };
		8208C4982A1A65A90045DC53 /* PostResponseModel.swift */ = {isa = PBXFileReference; lastKnownFileType = sourcecode.swift; path = PostResponseModel.swift; sourceTree = "<group>"; };
		8208C49A2A1A69640045DC53 /* Date + Extension.swift */ = {isa = PBXFileReference; lastKnownFileType = sourcecode.swift; path = "Date + Extension.swift"; sourceTree = "<group>"; };
		8208C49C2A1A72350045DC53 /* Dictionary + Extension.swift */ = {isa = PBXFileReference; lastKnownFileType = sourcecode.swift; path = "Dictionary + Extension.swift"; sourceTree = "<group>"; };
		8208C4A12A1AA0680045DC53 /* UIView + Extension.swift */ = {isa = PBXFileReference; lastKnownFileType = sourcecode.swift; path = "UIView + Extension.swift"; sourceTree = "<group>"; };
		822EE0482A15670000172D0A /* TestChatApp.app */ = {isa = PBXFileReference; explicitFileType = wrapper.application; includeInIndex = 0; path = TestChatApp.app; sourceTree = BUILT_PRODUCTS_DIR; };
		822EE04B2A15670000172D0A /* AppDelegate.swift */ = {isa = PBXFileReference; lastKnownFileType = sourcecode.swift; path = AppDelegate.swift; sourceTree = "<group>"; };
		822EE04D2A15670000172D0A /* SceneDelegate.swift */ = {isa = PBXFileReference; lastKnownFileType = sourcecode.swift; path = SceneDelegate.swift; sourceTree = "<group>"; };
		822EE04F2A15670000172D0A /* LoginViewController.swift */ = {isa = PBXFileReference; lastKnownFileType = sourcecode.swift; path = LoginViewController.swift; sourceTree = "<group>"; };
		822EE0522A15670000172D0A /* Base */ = {isa = PBXFileReference; lastKnownFileType = file.storyboard; name = Base; path = Base.lproj/Main.storyboard; sourceTree = "<group>"; };
		822EE0542A15670200172D0A /* Assets.xcassets */ = {isa = PBXFileReference; lastKnownFileType = folder.assetcatalog; path = Assets.xcassets; sourceTree = "<group>"; };
		822EE0572A15670200172D0A /* Base */ = {isa = PBXFileReference; lastKnownFileType = file.storyboard; name = Base; path = Base.lproj/LaunchScreen.storyboard; sourceTree = "<group>"; };
		822EE0592A15670200172D0A /* Info.plist */ = {isa = PBXFileReference; lastKnownFileType = text.plist.xml; path = Info.plist; sourceTree = "<group>"; };
		822EE0612A15687000172D0A /* AppButton.swift */ = {isa = PBXFileReference; lastKnownFileType = sourcecode.swift; path = AppButton.swift; sourceTree = "<group>"; };
		822EE0642A1568C200172D0A /* UIFont + Extension.swift */ = {isa = PBXFileReference; lastKnownFileType = sourcecode.swift; path = "UIFont + Extension.swift"; sourceTree = "<group>"; };
		822EE0662A15690000172D0A /* UIColor + Extension.swift */ = {isa = PBXFileReference; lastKnownFileType = sourcecode.swift; path = "UIColor + Extension.swift"; sourceTree = "<group>"; };
		822EE0692A156A5500172D0A /* Inter-Bold.ttf */ = {isa = PBXFileReference; lastKnownFileType = file; path = "Inter-Bold.ttf"; sourceTree = "<group>"; };
		822EE06C2A156A5500172D0A /* Inter-Light.ttf */ = {isa = PBXFileReference; lastKnownFileType = file; path = "Inter-Light.ttf"; sourceTree = "<group>"; };
		822EE06D2A156A5500172D0A /* Inter-SemiBold.ttf */ = {isa = PBXFileReference; lastKnownFileType = file; path = "Inter-SemiBold.ttf"; sourceTree = "<group>"; };
		822EE06E2A156A5500172D0A /* Inter-Medium.ttf */ = {isa = PBXFileReference; lastKnownFileType = file; path = "Inter-Medium.ttf"; sourceTree = "<group>"; };
		822EE0702A156A5500172D0A /* Inter-Regular.ttf */ = {isa = PBXFileReference; lastKnownFileType = file; path = "Inter-Regular.ttf"; sourceTree = "<group>"; };
		822EE07D2A156E6500172D0A /* AppLabel.swift */ = {isa = PBXFileReference; lastKnownFileType = sourcecode.swift; path = AppLabel.swift; sourceTree = "<group>"; };
		822EE07F2A156ED100172D0A /* AppTextfield.swift */ = {isa = PBXFileReference; lastKnownFileType = sourcecode.swift; path = AppTextfield.swift; sourceTree = "<group>"; };
		822EE0812A1577C900172D0A /* BaseTabBarViewController.swift */ = {isa = PBXFileReference; lastKnownFileType = sourcecode.swift; path = BaseTabBarViewController.swift; sourceTree = "<group>"; };
		822EE0832A1577F000172D0A /* BaseViewController.swift */ = {isa = PBXFileReference; lastKnownFileType = sourcecode.swift; path = BaseViewController.swift; sourceTree = "<group>"; };
		822EE0852A1578F400172D0A /* HomeViewController.swift */ = {isa = PBXFileReference; lastKnownFileType = sourcecode.swift; path = HomeViewController.swift; sourceTree = "<group>"; };
		822EE0872A15791600172D0A /* ChatViewController.swift */ = {isa = PBXFileReference; lastKnownFileType = sourcecode.swift; path = ChatViewController.swift; sourceTree = "<group>"; };
		822EE0892A15792900172D0A /* CameraViewController.swift */ = {isa = PBXFileReference; lastKnownFileType = sourcecode.swift; path = CameraViewController.swift; sourceTree = "<group>"; };
		822EE08B2A15793F00172D0A /* SettingsViewController.swift */ = {isa = PBXFileReference; lastKnownFileType = sourcecode.swift; path = SettingsViewController.swift; sourceTree = "<group>"; };
		822EE08E2A15844D00172D0A /* NewChatViewController.swift */ = {isa = PBXFileReference; lastKnownFileType = sourcecode.swift; path = NewChatViewController.swift; sourceTree = "<group>"; };
		822EE0902A15873300172D0A /* UIViewController + Extension.swift */ = {isa = PBXFileReference; lastKnownFileType = sourcecode.swift; path = "UIViewController + Extension.swift"; sourceTree = "<group>"; };
		822EE0A52A18238B00172D0A /* AvatarImageView.swift */ = {isa = PBXFileReference; lastKnownFileType = sourcecode.swift; path = AvatarImageView.swift; sourceTree = "<group>"; };
		822EE0A82A18299000172D0A /* ChatsTableViewCell.swift */ = {isa = PBXFileReference; lastKnownFileType = sourcecode.swift; path = ChatsTableViewCell.swift; sourceTree = "<group>"; };
		822EE0AA2A182FAD00172D0A /* UITabBar + Extension.swift */ = {isa = PBXFileReference; lastKnownFileType = sourcecode.swift; path = "UITabBar + Extension.swift"; sourceTree = "<group>"; };
		822EE0AC2A183A8E00172D0A /* HomeTableViewCell.swift */ = {isa = PBXFileReference; lastKnownFileType = sourcecode.swift; path = HomeTableViewCell.swift; sourceTree = "<group>"; };
		822EE0AE2A193B8B00172D0A /* GoogleService-Info.plist */ = {isa = PBXFileReference; fileEncoding = 4; lastKnownFileType = text.plist.xml; path = "GoogleService-Info.plist"; sourceTree = "<group>"; };
/* End PBXFileReference section */

/* Begin PBXFrameworksBuildPhase section */
		822EE0452A15670000172D0A /* Frameworks */ = {
			isa = PBXFrameworksBuildPhase;
			buildActionMask = 2147483647;
			files = (
				8208C48C2A1960D80045DC53 /* RealmSwift in Frameworks */,
				8208C4852A194E910045DC53 /* FirebaseDatabase in Frameworks */,
				8208C4872A194E910045DC53 /* FirebaseFirestore in Frameworks */,
				8208C48F2A1962660045DC53 /* MessageKit in Frameworks */,
				8208C4922A1964140045DC53 /* Kingfisher in Frameworks */,
				822EE0942A1590F600172D0A /* IQKeyboardManagerSwift in Frameworks */,
				8208C4A02A1A87BB0045DC53 /* SDWebImage in Frameworks */,
				8208C4832A194E910045DC53 /* FirebaseAuth in Frameworks */,
				8208C48A2A1960D80045DC53 /* Realm in Frameworks */,
			);
			runOnlyForDeploymentPostprocessing = 0;
		};
/* End PBXFrameworksBuildPhase section */

/* Begin PBXGroup section */
		8208C4952A1A613A0045DC53 /* Models */ = {
			isa = PBXGroup;
			children = (
				8208C4962A1A614D0045DC53 /* UserModel.swift */,
				8208C4982A1A65A90045DC53 /* PostResponseModel.swift */,
			);
			path = Models;
			sourceTree = "<group>";
		};
		822EE03F2A15670000172D0A = {
			isa = PBXGroup;
			children = (
				822EE0AE2A193B8B00172D0A /* GoogleService-Info.plist */,
				822EE04A2A15670000172D0A /* TestChatApp */,
				822EE0492A15670000172D0A /* Products */,
			);
			sourceTree = "<group>";
		};
		822EE0492A15670000172D0A /* Products */ = {
			isa = PBXGroup;
			children = (
				822EE0482A15670000172D0A /* TestChatApp.app */,
			);
			name = Products;
			sourceTree = "<group>";
		};
		822EE04A2A15670000172D0A /* TestChatApp */ = {
			isa = PBXGroup;
			children = (
				8208C4952A1A613A0045DC53 /* Models */,
				822EE0682A156A1F00172D0A /* Fonts */,
				822EE0632A15689400172D0A /* Extensions */,
				822EE0602A15683300172D0A /* Reusables */,
				822EE05F2A15671E00172D0A /* AppDelegates */,
				822EE07B2A156D5A00172D0A /* ViewControllers */,
				822EE0542A15670200172D0A /* Assets.xcassets */,
				822EE0592A15670200172D0A /* Info.plist */,
			);
			path = TestChatApp;
			sourceTree = "<group>";
		};
		822EE05F2A15671E00172D0A /* AppDelegates */ = {
			isa = PBXGroup;
			children = (
				822EE04B2A15670000172D0A /* AppDelegate.swift */,
				822EE04D2A15670000172D0A /* SceneDelegate.swift */,
			);
			path = AppDelegates;
			sourceTree = "<group>";
		};
		822EE0602A15683300172D0A /* Reusables */ = {
			isa = PBXGroup;
			children = (
				822EE0612A15687000172D0A /* AppButton.swift */,
				822EE07D2A156E6500172D0A /* AppLabel.swift */,
				822EE07F2A156ED100172D0A /* AppTextfield.swift */,
				822EE0832A1577F000172D0A /* BaseViewController.swift */,
				822EE0A52A18238B00172D0A /* AvatarImageView.swift */,
			);
			path = Reusables;
			sourceTree = "<group>";
		};
		822EE0632A15689400172D0A /* Extensions */ = {
			isa = PBXGroup;
			children = (
				822EE0642A1568C200172D0A /* UIFont + Extension.swift */,
				822EE0662A15690000172D0A /* UIColor + Extension.swift */,
				822EE0902A15873300172D0A /* UIViewController + Extension.swift */,
				822EE0AA2A182FAD00172D0A /* UITabBar + Extension.swift */,
				8208C49A2A1A69640045DC53 /* Date + Extension.swift */,
				8208C49C2A1A72350045DC53 /* Dictionary + Extension.swift */,
				8208C4A12A1AA0680045DC53 /* UIView + Extension.swift */,
			);
			path = Extensions;
			sourceTree = "<group>";
		};
		822EE0682A156A1F00172D0A /* Fonts */ = {
			isa = PBXGroup;
			children = (
				822EE0692A156A5500172D0A /* Inter-Bold.ttf */,
				822EE06C2A156A5500172D0A /* Inter-Light.ttf */,
				822EE06E2A156A5500172D0A /* Inter-Medium.ttf */,
				822EE0702A156A5500172D0A /* Inter-Regular.ttf */,
				822EE06D2A156A5500172D0A /* Inter-SemiBold.ttf */,
			);
			path = Fonts;
			sourceTree = "<group>";
		};
		822EE07B2A156D5A00172D0A /* ViewControllers */ = {
			isa = PBXGroup;
			children = (
				822EE0A72A18297A00172D0A /* Cell */,
				822EE08D2A157E9100172D0A /* TabBar */,
				822EE07C2A156D6900172D0A /* Storyboards */,
				822EE04F2A15670000172D0A /* LoginViewController.swift */,
				822EE0852A1578F400172D0A /* HomeViewController.swift */,
				822EE0872A15791600172D0A /* ChatViewController.swift */,
				822EE0892A15792900172D0A /* CameraViewController.swift */,
				822EE08B2A15793F00172D0A /* SettingsViewController.swift */,
				822EE08E2A15844D00172D0A /* NewChatViewController.swift */,
				8208C4932A1965DB0045DC53 /* MessageKitViewController.swift */,
			);
			path = ViewControllers;
			sourceTree = "<group>";
		};
		822EE07C2A156D6900172D0A /* Storyboards */ = {
			isa = PBXGroup;
			children = (
				822EE0512A15670000172D0A /* Main.storyboard */,
				822EE0562A15670200172D0A /* LaunchScreen.storyboard */,
			);
			path = Storyboards;
			sourceTree = "<group>";
		};
		822EE08D2A157E9100172D0A /* TabBar */ = {
			isa = PBXGroup;
			children = (
				822EE0812A1577C900172D0A /* BaseTabBarViewController.swift */,
			);
			path = TabBar;
			sourceTree = "<group>";
		};
		822EE0A72A18297A00172D0A /* Cell */ = {
			isa = PBXGroup;
			children = (
				822EE0A82A18299000172D0A /* ChatsTableViewCell.swift */,
				822EE0AC2A183A8E00172D0A /* HomeTableViewCell.swift */,
			);
			path = Cell;
			sourceTree = "<group>";
		};
/* End PBXGroup section */

/* Begin PBXNativeTarget section */
		822EE0472A15670000172D0A /* TestChatApp */ = {
			isa = PBXNativeTarget;
			buildConfigurationList = 822EE05C2A15670200172D0A /* Build configuration list for PBXNativeTarget "TestChatApp" */;
			buildPhases = (
				822EE0442A15670000172D0A /* Sources */,
				822EE0452A15670000172D0A /* Frameworks */,
				822EE0462A15670000172D0A /* Resources */,
			);
			buildRules = (
			);
			dependencies = (
			);
			name = TestChatApp;
			packageProductDependencies = (
				822EE0932A1590F600172D0A /* IQKeyboardManagerSwift */,
				8208C4822A194E910045DC53 /* FirebaseAuth */,
				8208C4842A194E910045DC53 /* FirebaseDatabase */,
				8208C4862A194E910045DC53 /* FirebaseFirestore */,
				8208C4892A1960D80045DC53 /* Realm */,
				8208C48B2A1960D80045DC53 /* RealmSwift */,
				8208C48E2A1962660045DC53 /* MessageKit */,
				8208C4912A1964140045DC53 /* Kingfisher */,
				8208C49F2A1A87BB0045DC53 /* SDWebImage */,
			);
			productName = TestChatApp;
			productReference = 822EE0482A15670000172D0A /* TestChatApp.app */;
			productType = "com.apple.product-type.application";
		};
/* End PBXNativeTarget section */

/* Begin PBXProject section */
		822EE0402A15670000172D0A /* Project object */ = {
			isa = PBXProject;
			attributes = {
				BuildIndependentTargetsInParallel = 1;
				LastSwiftUpdateCheck = 1430;
				LastUpgradeCheck = 1430;
				TargetAttributes = {
					822EE0472A15670000172D0A = {
						CreatedOnToolsVersion = 14.3;
					};
				};
			};
			buildConfigurationList = 822EE0432A15670000172D0A /* Build configuration list for PBXProject "TestChatApp" */;
			compatibilityVersion = "Xcode 14.0";
			developmentRegion = en;
			hasScannedForEncodings = 0;
			knownRegions = (
				en,
				Base,
			);
			mainGroup = 822EE03F2A15670000172D0A;
			packageReferences = (
				822EE0922A1590F600172D0A /* XCRemoteSwiftPackageReference "IQKeyboardManager" */,
				8208C4812A194E910045DC53 /* XCRemoteSwiftPackageReference "firebase-ios-sdk" */,
				8208C4882A1960D80045DC53 /* XCRemoteSwiftPackageReference "realm-swift" */,
				8208C48D2A1962660045DC53 /* XCRemoteSwiftPackageReference "MessageKit" */,
				8208C4902A1964140045DC53 /* XCRemoteSwiftPackageReference "Kingfisher" */,
				8208C49E2A1A87BB0045DC53 /* XCRemoteSwiftPackageReference "SDWebImage" */,
			);
			productRefGroup = 822EE0492A15670000172D0A /* Products */;
			projectDirPath = "";
			projectRoot = "";
			targets = (
				822EE0472A15670000172D0A /* TestChatApp */,
			);
		};
/* End PBXProject section */

/* Begin PBXResourcesBuildPhase section */
		822EE0462A15670000172D0A /* Resources */ = {
			isa = PBXResourcesBuildPhase;
			buildActionMask = 2147483647;
			files = (
				822EE0582A15670200172D0A /* LaunchScreen.storyboard in Resources */,
				822EE0552A15670200172D0A /* Assets.xcassets in Resources */,
				822EE0AF2A193B8B00172D0A /* GoogleService-Info.plist in Resources */,
				822EE0762A156A5500172D0A /* Inter-SemiBold.ttf in Resources */,
				822EE0722A156A5500172D0A /* Inter-Bold.ttf in Resources */,
				822EE0532A15670000172D0A /* Main.storyboard in Resources */,
				822EE0752A156A5500172D0A /* Inter-Light.ttf in Resources */,
				822EE0792A156A5500172D0A /* Inter-Regular.ttf in Resources */,
				822EE0772A156A5500172D0A /* Inter-Medium.ttf in Resources */,
			);
			runOnlyForDeploymentPostprocessing = 0;
		};
/* End PBXResourcesBuildPhase section */

/* Begin PBXSourcesBuildPhase section */
		822EE0442A15670000172D0A /* Sources */ = {
			isa = PBXSourcesBuildPhase;
			buildActionMask = 2147483647;
			files = (
				822EE0652A1568C200172D0A /* UIFont + Extension.swift in Sources */,
				822EE0502A15670000172D0A /* LoginViewController.swift in Sources */,
				822EE04C2A15670000172D0A /* AppDelegate.swift in Sources */,
				822EE07E2A156E6500172D0A /* AppLabel.swift in Sources */,
				822EE08F2A15844D00172D0A /* NewChatViewController.swift in Sources */,
				822EE08A2A15792900172D0A /* CameraViewController.swift in Sources */,
				822EE0672A15690000172D0A /* UIColor + Extension.swift in Sources */,
				822EE0842A1577F000172D0A /* BaseViewController.swift in Sources */,
				822EE04E2A15670000172D0A /* SceneDelegate.swift in Sources */,
				8208C4992A1A65A90045DC53 /* PostResponseModel.swift in Sources */,
				822EE0AD2A183A8E00172D0A /* HomeTableViewCell.swift in Sources */,
				8208C4972A1A614D0045DC53 /* UserModel.swift in Sources */,
				822EE0A62A18238B00172D0A /* AvatarImageView.swift in Sources */,
				822EE0862A1578F400172D0A /* HomeViewController.swift in Sources */,
				822EE0AB2A182FAD00172D0A /* UITabBar + Extension.swift in Sources */,
				8208C4942A1965DB0045DC53 /* MessageKitViewController.swift in Sources */,
				822EE0912A15873300172D0A /* UIViewController + Extension.swift in Sources */,
				822EE08C2A15793F00172D0A /* SettingsViewController.swift in Sources */,
				822EE0622A15687000172D0A /* AppButton.swift in Sources */,
				822EE0A92A18299000172D0A /* ChatsTableViewCell.swift in Sources */,
				822EE0802A156ED100172D0A /* AppTextfield.swift in Sources */,
				822EE0882A15791600172D0A /* ChatViewController.swift in Sources */,
				8208C4A22A1AA0680045DC53 /* UIView + Extension.swift in Sources */,
				8208C49D2A1A72350045DC53 /* Dictionary + Extension.swift in Sources */,
				822EE0822A1577C900172D0A /* BaseTabBarViewController.swift in Sources */,
				8208C49B2A1A69640045DC53 /* Date + Extension.swift in Sources */,
			);
			runOnlyForDeploymentPostprocessing = 0;
		};
/* End PBXSourcesBuildPhase section */

/* Begin PBXVariantGroup section */
		822EE0512A15670000172D0A /* Main.storyboard */ = {
			isa = PBXVariantGroup;
			children = (
				822EE0522A15670000172D0A /* Base */,
			);
			name = Main.storyboard;
			sourceTree = "<group>";
		};
		822EE0562A15670200172D0A /* LaunchScreen.storyboard */ = {
			isa = PBXVariantGroup;
			children = (
				822EE0572A15670200172D0A /* Base */,
			);
			name = LaunchScreen.storyboard;
			sourceTree = "<group>";
		};
/* End PBXVariantGroup section */

/* Begin XCBuildConfiguration section */
		822EE05A2A15670200172D0A /* Debug */ = {
			isa = XCBuildConfiguration;
			buildSettings = {
				ALWAYS_SEARCH_USER_PATHS = NO;
				CLANG_ANALYZER_NONNULL = YES;
				CLANG_ANALYZER_NUMBER_OBJECT_CONVERSION = YES_AGGRESSIVE;
				CLANG_CXX_LANGUAGE_STANDARD = "gnu++20";
				CLANG_ENABLE_MODULES = YES;
				CLANG_ENABLE_OBJC_ARC = YES;
				CLANG_ENABLE_OBJC_WEAK = YES;
				CLANG_WARN_BLOCK_CAPTURE_AUTORELEASING = YES;
				CLANG_WARN_BOOL_CONVERSION = YES;
				CLANG_WARN_COMMA = YES;
				CLANG_WARN_CONSTANT_CONVERSION = YES;
				CLANG_WARN_DEPRECATED_OBJC_IMPLEMENTATIONS = YES;
				CLANG_WARN_DIRECT_OBJC_ISA_USAGE = YES_ERROR;
				CLANG_WARN_DOCUMENTATION_COMMENTS = YES;
				CLANG_WARN_EMPTY_BODY = YES;
				CLANG_WARN_ENUM_CONVERSION = YES;
				CLANG_WARN_INFINITE_RECURSION = YES;
				CLANG_WARN_INT_CONVERSION = YES;
				CLANG_WARN_NON_LITERAL_NULL_CONVERSION = YES;
				CLANG_WARN_OBJC_IMPLICIT_RETAIN_SELF = YES;
				CLANG_WARN_OBJC_LITERAL_CONVERSION = YES;
				CLANG_WARN_OBJC_ROOT_CLASS = YES_ERROR;
				CLANG_WARN_QUOTED_INCLUDE_IN_FRAMEWORK_HEADER = YES;
				CLANG_WARN_RANGE_LOOP_ANALYSIS = YES;
				CLANG_WARN_STRICT_PROTOTYPES = YES;
				CLANG_WARN_SUSPICIOUS_MOVE = YES;
				CLANG_WARN_UNGUARDED_AVAILABILITY = YES_AGGRESSIVE;
				CLANG_WARN_UNREACHABLE_CODE = YES;
				CLANG_WARN__DUPLICATE_METHOD_MATCH = YES;
				COPY_PHASE_STRIP = NO;
				DEBUG_INFORMATION_FORMAT = dwarf;
				ENABLE_STRICT_OBJC_MSGSEND = YES;
				ENABLE_TESTABILITY = YES;
				GCC_C_LANGUAGE_STANDARD = gnu11;
				GCC_DYNAMIC_NO_PIC = NO;
				GCC_NO_COMMON_BLOCKS = YES;
				GCC_OPTIMIZATION_LEVEL = 0;
				GCC_PREPROCESSOR_DEFINITIONS = (
					"DEBUG=1",
					"$(inherited)",
				);
				GCC_WARN_64_TO_32_BIT_CONVERSION = YES;
				GCC_WARN_ABOUT_RETURN_TYPE = YES_ERROR;
				GCC_WARN_UNDECLARED_SELECTOR = YES;
				GCC_WARN_UNINITIALIZED_AUTOS = YES_AGGRESSIVE;
				GCC_WARN_UNUSED_FUNCTION = YES;
				GCC_WARN_UNUSED_VARIABLE = YES;
				IPHONEOS_DEPLOYMENT_TARGET = 16.4;
				MTL_ENABLE_DEBUG_INFO = INCLUDE_SOURCE;
				MTL_FAST_MATH = YES;
				ONLY_ACTIVE_ARCH = YES;
				SDKROOT = iphoneos;
				SWIFT_ACTIVE_COMPILATION_CONDITIONS = DEBUG;
				SWIFT_OPTIMIZATION_LEVEL = "-Onone";
			};
			name = Debug;
		};
		822EE05B2A15670200172D0A /* Release */ = {
			isa = XCBuildConfiguration;
			buildSettings = {
				ALWAYS_SEARCH_USER_PATHS = NO;
				CLANG_ANALYZER_NONNULL = YES;
				CLANG_ANALYZER_NUMBER_OBJECT_CONVERSION = YES_AGGRESSIVE;
				CLANG_CXX_LANGUAGE_STANDARD = "gnu++20";
				CLANG_ENABLE_MODULES = YES;
				CLANG_ENABLE_OBJC_ARC = YES;
				CLANG_ENABLE_OBJC_WEAK = YES;
				CLANG_WARN_BLOCK_CAPTURE_AUTORELEASING = YES;
				CLANG_WARN_BOOL_CONVERSION = YES;
				CLANG_WARN_COMMA = YES;
				CLANG_WARN_CONSTANT_CONVERSION = YES;
				CLANG_WARN_DEPRECATED_OBJC_IMPLEMENTATIONS = YES;
				CLANG_WARN_DIRECT_OBJC_ISA_USAGE = YES_ERROR;
				CLANG_WARN_DOCUMENTATION_COMMENTS = YES;
				CLANG_WARN_EMPTY_BODY = YES;
				CLANG_WARN_ENUM_CONVERSION = YES;
				CLANG_WARN_INFINITE_RECURSION = YES;
				CLANG_WARN_INT_CONVERSION = YES;
				CLANG_WARN_NON_LITERAL_NULL_CONVERSION = YES;
				CLANG_WARN_OBJC_IMPLICIT_RETAIN_SELF = YES;
				CLANG_WARN_OBJC_LITERAL_CONVERSION = YES;
				CLANG_WARN_OBJC_ROOT_CLASS = YES_ERROR;
				CLANG_WARN_QUOTED_INCLUDE_IN_FRAMEWORK_HEADER = YES;
				CLANG_WARN_RANGE_LOOP_ANALYSIS = YES;
				CLANG_WARN_STRICT_PROTOTYPES = YES;
				CLANG_WARN_SUSPICIOUS_MOVE = YES;
				CLANG_WARN_UNGUARDED_AVAILABILITY = YES_AGGRESSIVE;
				CLANG_WARN_UNREACHABLE_CODE = YES;
				CLANG_WARN__DUPLICATE_METHOD_MATCH = YES;
				COPY_PHASE_STRIP = NO;
				DEBUG_INFORMATION_FORMAT = "dwarf-with-dsym";
				ENABLE_NS_ASSERTIONS = NO;
				ENABLE_STRICT_OBJC_MSGSEND = YES;
				GCC_C_LANGUAGE_STANDARD = gnu11;
				GCC_NO_COMMON_BLOCKS = YES;
				GCC_WARN_64_TO_32_BIT_CONVERSION = YES;
				GCC_WARN_ABOUT_RETURN_TYPE = YES_ERROR;
				GCC_WARN_UNDECLARED_SELECTOR = YES;
				GCC_WARN_UNINITIALIZED_AUTOS = YES_AGGRESSIVE;
				GCC_WARN_UNUSED_FUNCTION = YES;
				GCC_WARN_UNUSED_VARIABLE = YES;
				IPHONEOS_DEPLOYMENT_TARGET = 16.4;
				MTL_ENABLE_DEBUG_INFO = NO;
				MTL_FAST_MATH = YES;
				SDKROOT = iphoneos;
				SWIFT_COMPILATION_MODE = wholemodule;
				SWIFT_OPTIMIZATION_LEVEL = "-O";
				VALIDATE_PRODUCT = YES;
			};
			name = Release;
		};
		822EE05D2A15670200172D0A /* Debug */ = {
			isa = XCBuildConfiguration;
			buildSettings = {
				ASSETCATALOG_COMPILER_APPICON_NAME = AppIcon;
				ASSETCATALOG_COMPILER_GLOBAL_ACCENT_COLOR_NAME = AccentColor;
				CODE_SIGN_STYLE = Automatic;
				CURRENT_PROJECT_VERSION = 1;
				DEVELOPMENT_TEAM = Q69GHDS557;
				GENERATE_INFOPLIST_FILE = YES;
				INFOPLIST_FILE = TestChatApp/Info.plist;
				INFOPLIST_KEY_UIApplicationSupportsIndirectInputEvents = YES;
				INFOPLIST_KEY_UILaunchStoryboardName = LaunchScreen;
				INFOPLIST_KEY_UIMainStoryboardFile = Main;
				INFOPLIST_KEY_UISupportedInterfaceOrientations_iPad = "UIInterfaceOrientationPortrait UIInterfaceOrientationPortraitUpsideDown UIInterfaceOrientationLandscapeLeft UIInterfaceOrientationLandscapeRight";
				INFOPLIST_KEY_UISupportedInterfaceOrientations_iPhone = "UIInterfaceOrientationPortrait UIInterfaceOrientationLandscapeLeft UIInterfaceOrientationLandscapeRight";
				LD_RUNPATH_SEARCH_PATHS = (
					"$(inherited)",
					"@executable_path/Frameworks",
				);
				MARKETING_VERSION = 1.0;
				PRODUCT_BUNDLE_IDENTIFIER = io.blinqpay.blinqpost;
				PRODUCT_NAME = "$(TARGET_NAME)";
				SWIFT_EMIT_LOC_STRINGS = YES;
				SWIFT_VERSION = 5.0;
				TARGETED_DEVICE_FAMILY = "1,2";
			};
			name = Debug;
		};
		822EE05E2A15670200172D0A /* Release */ = {
			isa = XCBuildConfiguration;
			buildSettings = {
				ASSETCATALOG_COMPILER_APPICON_NAME = AppIcon;
				ASSETCATALOG_COMPILER_GLOBAL_ACCENT_COLOR_NAME = AccentColor;
				CODE_SIGN_STYLE = Automatic;
				CURRENT_PROJECT_VERSION = 1;
				DEVELOPMENT_TEAM = Q69GHDS557;
				GENERATE_INFOPLIST_FILE = YES;
				INFOPLIST_FILE = TestChatApp/Info.plist;
				INFOPLIST_KEY_UIApplicationSupportsIndirectInputEvents = YES;
				INFOPLIST_KEY_UILaunchStoryboardName = LaunchScreen;
				INFOPLIST_KEY_UIMainStoryboardFile = Main;
				INFOPLIST_KEY_UISupportedInterfaceOrientations_iPad = "UIInterfaceOrientationPortrait UIInterfaceOrientationPortraitUpsideDown UIInterfaceOrientationLandscapeLeft UIInterfaceOrientationLandscapeRight";
				INFOPLIST_KEY_UISupportedInterfaceOrientations_iPhone = "UIInterfaceOrientationPortrait UIInterfaceOrientationLandscapeLeft UIInterfaceOrientationLandscapeRight";
				LD_RUNPATH_SEARCH_PATHS = (
					"$(inherited)",
					"@executable_path/Frameworks",
				);
				MARKETING_VERSION = 1.0;
				PRODUCT_BUNDLE_IDENTIFIER = io.blinqpay.blinqpost;
				PRODUCT_NAME = "$(TARGET_NAME)";
				SWIFT_EMIT_LOC_STRINGS = YES;
				SWIFT_VERSION = 5.0;
				TARGETED_DEVICE_FAMILY = "1,2";
			};
			name = Release;
		};
/* End XCBuildConfiguration section */

/* Begin XCConfigurationList section */
		822EE0432A15670000172D0A /* Build configuration list for PBXProject "TestChatApp" */ = {
			isa = XCConfigurationList;
			buildConfigurations = (
				822EE05A2A15670200172D0A /* Debug */,
				822EE05B2A15670200172D0A /* Release */,
			);
			defaultConfigurationIsVisible = 0;
			defaultConfigurationName = Release;
		};
		822EE05C2A15670200172D0A /* Build configuration list for PBXNativeTarget "TestChatApp" */ = {
			isa = XCConfigurationList;
			buildConfigurations = (
				822EE05D2A15670200172D0A /* Debug */,
				822EE05E2A15670200172D0A /* Release */,
			);
			defaultConfigurationIsVisible = 0;
			defaultConfigurationName = Release;
		};
/* End XCConfigurationList section */

/* Begin XCRemoteSwiftPackageReference section */
		8208C4812A194E910045DC53 /* XCRemoteSwiftPackageReference "firebase-ios-sdk" */ = {
			isa = XCRemoteSwiftPackageReference;
			repositoryURL = "https://github.com/firebase/firebase-ios-sdk.git";
			requirement = {
				kind = upToNextMajorVersion;
				minimumVersion = 10.0.0;
			};
		};
		8208C4882A1960D80045DC53 /* XCRemoteSwiftPackageReference "realm-swift" */ = {
			isa = XCRemoteSwiftPackageReference;
			repositoryURL = "https://github.com/realm/realm-swift.git";
			requirement = {
				branch = master;
				kind = branch;
			};
		};
		8208C48D2A1962660045DC53 /* XCRemoteSwiftPackageReference "MessageKit" */ = {
			isa = XCRemoteSwiftPackageReference;
			repositoryURL = "https://github.com/MessageKit/MessageKit";
			requirement = {
				kind = upToNextMajorVersion;
				minimumVersion = 4.0.0;
			};
		};
		8208C4902A1964140045DC53 /* XCRemoteSwiftPackageReference "Kingfisher" */ = {
			isa = XCRemoteSwiftPackageReference;
			repositoryURL = "https://github.com/onevcat/Kingfisher.git";
			requirement = {
				kind = upToNextMajorVersion;
				minimumVersion = 7.0.0;
			};
		};
		8208C49E2A1A87BB0045DC53 /* XCRemoteSwiftPackageReference "SDWebImage" */ = {
			isa = XCRemoteSwiftPackageReference;
			repositoryURL = "https://github.com/SDWebImage/SDWebImage";
			requirement = {
				kind = upToNextMajorVersion;
				minimumVersion = 5.0.0;
			};
		};
		822EE0922A1590F600172D0A /* XCRemoteSwiftPackageReference "IQKeyboardManager" */ = {
			isa = XCRemoteSwiftPackageReference;
			repositoryURL = "https://github.com/hackiftekhar/IQKeyboardManager.git";
			requirement = {
				kind = exactVersion;
				version = 6.5.0;
			};
		};
/* End XCRemoteSwiftPackageReference section */

/* Begin XCSwiftPackageProductDependency section */
		8208C4822A194E910045DC53 /* FirebaseAuth */ = {
			isa = XCSwiftPackageProductDependency;
			package = 8208C4812A194E910045DC53 /* XCRemoteSwiftPackageReference "firebase-ios-sdk" */;
			productName = FirebaseAuth;
		};
		8208C4842A194E910045DC53 /* FirebaseDatabase */ = {
			isa = XCSwiftPackageProductDependency;
			package = 8208C4812A194E910045DC53 /* XCRemoteSwiftPackageReference "firebase-ios-sdk" */;
			productName = FirebaseDatabase;
		};
		8208C4862A194E910045DC53 /* FirebaseFirestore */ = {
			isa = XCSwiftPackageProductDependency;
			package = 8208C4812A194E910045DC53 /* XCRemoteSwiftPackageReference "firebase-ios-sdk" */;
			productName = FirebaseFirestore;
		};
		8208C4892A1960D80045DC53 /* Realm */ = {
			isa = XCSwiftPackageProductDependency;
			package = 8208C4882A1960D80045DC53 /* XCRemoteSwiftPackageReference "realm-swift" */;
			productName = Realm;
		};
		8208C48B2A1960D80045DC53 /* RealmSwift */ = {
			isa = XCSwiftPackageProductDependency;
			package = 8208C4882A1960D80045DC53 /* XCRemoteSwiftPackageReference "realm-swift" */;
			productName = RealmSwift;
		};
		8208C48E2A1962660045DC53 /* MessageKit */ = {
			isa = XCSwiftPackageProductDependency;
			package = 8208C48D2A1962660045DC53 /* XCRemoteSwiftPackageReference "MessageKit" */;
			productName = MessageKit;
		};
		8208C4912A1964140045DC53 /* Kingfisher */ = {
			isa = XCSwiftPackageProductDependency;
			package = 8208C4902A1964140045DC53 /* XCRemoteSwiftPackageReference "Kingfisher" */;
			productName = Kingfisher;
		};
		8208C49F2A1A87BB0045DC53 /* SDWebImage */ = {
			isa = XCSwiftPackageProductDependency;
			package = 8208C49E2A1A87BB0045DC53 /* XCRemoteSwiftPackageReference "SDWebImage" */;
			productName = SDWebImage;
		};
		822EE0932A1590F600172D0A /* IQKeyboardManagerSwift */ = {
			isa = XCSwiftPackageProductDependency;
			package = 822EE0922A1590F600172D0A /* XCRemoteSwiftPackageReference "IQKeyboardManager" */;
			productName = IQKeyboardManagerSwift;
		};
/* End XCSwiftPackageProductDependency section */
	};
	rootObject = 822EE0402A15670000172D0A /* Project object */;
}
